
Microsoft Visual Studio Solution File, Format Version 12.00
# Visual Studio Version 17
VisualStudioVersion = 17.8.34309.116
MinimumVisualStudioVersion = 10.0.40219.1
Project("{FAE04EC0-301F-11D3-BF4B-00C04F79EFBC}") = "User-Service.Api", "User-Service.Api\User-Service.Api.csproj", "{983A1DAF-9042-44C6-B51F-26DDBA77C30D}"
EndProject
Project("{FAE04EC0-301F-11D3-BF4B-00C04F79EFBC}") = "User-Service.Domain", "User-Service.Domain\User-Service.Domain.csproj", "{A4C17953-F09C-4CF2-BEEC-4B6A2ACF4675}"
EndProject
Project("{FAE04EC0-301F-11D3-BF4B-00C04F79EFBC}") = "User-Service.Infrastructure", "User-Service.Infrastructure\User-Service.Infrastructure.csproj", "{C25F0A59-CD03-417D-ADBC-6E69C6DB0B9A}"
EndProject
Global
	GlobalSection(SolutionConfigurationPlatforms) = preSolution
		Debug|Any CPU = Debug|Any CPU
		Release|Any CPU = Release|Any CPU
	EndGlobalSection
	GlobalSection(ProjectConfigurationPlatforms) = postSolution
		{983A1DAF-9042-44C6-B51F-26DDBA77C30D}.Debug|Any CPU.ActiveCfg = Debug|Any CPU
		{983A1DAF-9042-44C6-B51F-26DDBA77C30D}.Debug|Any CPU.Build.0 = Debug|Any CPU
		{983A1DAF-9042-44C6-B51F-26DDBA77C30D}.Release|Any CPU.ActiveCfg = Release|Any CPU
		{983A1DAF-9042-44C6-B51F-26DDBA77C30D}.Release|Any CPU.Build.0 = Release|Any CPU
		{A4C17953-F09C-4CF2-BEEC-4B6A2ACF4675}.Debug|Any CPU.ActiveCfg = Debug|Any CPU
		{A4C17953-F09C-4CF2-BEEC-4B6A2ACF4675}.Debug|Any CPU.Build.0 = Debug|Any CPU
		{A4C17953-F09C-4CF2-BEEC-4B6A2ACF4675}.Release|Any CPU.ActiveCfg = Release|Any CPU
		{A4C17953-F09C-4CF2-BEEC-4B6A2ACF4675}.Release|Any CPU.Build.0 = Release|Any CPU
		{C25F0A59-CD03-417D-ADBC-6E69C6DB0B9A}.Debug|Any CPU.ActiveCfg = Debug|Any CPU
		{C25F0A59-CD03-417D-ADBC-6E69C6DB0B9A}.Debug|Any CPU.Build.0 = Debug|Any CPU
		{C25F0A59-CD03-417D-ADBC-6E69C6DB0B9A}.Release|Any CPU.ActiveCfg = Release|Any CPU
		{C25F0A59-CD03-417D-ADBC-6E69C6DB0B9A}.Release|Any CPU.Build.0 = Release|Any CPU
	EndGlobalSection
	GlobalSection(SolutionProperties) = preSolution
		HideSolutionNode = FALSE
	EndGlobalSection
	GlobalSection(ExtensibilityGlobals) = postSolution
		SolutionGuid = {8384C152-80AA-46A4-9ABF-2643E6C863D0}
	EndGlobalSection
EndGlobal
